
Microsoft Visual Studio Solution File, Format Version 10.00
# Visual Studio 2008
Project("{8BC9CEB8-8B4A-11D0-8D11-00A0C91BC942}") = "librss", "librss.vcproj", "{BEC3C79F-085E-4940-92EB-228107452452}"
EndProject
Global
	GlobalSection(SolutionConfigurationPlatforms) = preSolution
		Debug|Win32 = Debug|Win32
		Release|Win32 = Release|Win32
		Test|Win32 = Test|Win32
	EndGlobalSection
	GlobalSection(ProjectConfigurationPlatforms) = postSolution
		{BEC3C79F-085E-4940-92EB-228107452452}.Debug|Win32.ActiveCfg = Debug|Win32
		{BEC3C79F-085E-4940-92EB-228107452452}.Debug|Win32.Build.0 = Debug|Win32
		{BEC3C79F-085E-4940-92EB-228107452452}.Release|Win32.ActiveCfg = Release|Win32
		{BEC3C79F-085E-4940-92EB-228107452452}.Release|Win32.Build.0 = Release|Win32
		{BEC3C79F-085E-4940-92EB-228107452452}.Test|Win32.ActiveCfg = Test|Win32
		{BEC3C79F-085E-4940-92EB-228107452452}.Test|Win32.Build.0 = Test|Win32
	EndGlobalSection
	GlobalSection(SolutionProperties) = preSolution
		HideSolutionNode = FALSE
	EndGlobalSection
EndGlobal
